
Microsoft Visual Studio Solution File, Format Version 12.00
# Visual Studio Version 17
VisualStudioVersion = 17.10.35013.160
MinimumVisualStudioVersion = 10.0.40219.1
Project("{FAE04EC0-301F-11D3-BF4B-00C04F79EFBC}") = "EmptyASP.NETDemo", "EmptyASP.NETDemo\EmptyASP.NETDemo.csproj", "{34F38B10-B7D8-4245-B029-D0600C444E5E}"
EndProject
Global
	GlobalSection(SolutionConfigurationPlatforms) = preSolution
		Debug|Any CPU = Debug|Any CPU
		Release|Any CPU = Release|Any CPU
	EndGlobalSection
	GlobalSection(ProjectConfigurationPlatforms) = postSolution
		{34F38B10-B7D8-4245-B029-D0600C444E5E}.Debug|Any CPU.ActiveCfg = Debug|Any CPU
		{34F38B10-B7D8-4245-B029-D0600C444E5E}.Debug|Any CPU.Build.0 = Debug|Any CPU
		{34F38B10-B7D8-4245-B029-D0600C444E5E}.Release|Any CPU.ActiveCfg = Release|Any CPU
		{34F38B10-B7D8-4245-B029-D0600C444E5E}.Release|Any CPU.Build.0 = Release|Any CPU
	EndGlobalSection
	GlobalSection(SolutionProperties) = preSolution
		HideSolutionNode = FALSE
	EndGlobalSection
	GlobalSection(ExtensibilityGlobals) = postSolution
		SolutionGuid = {54B2E5F4-2DCB-4E21-B9BA-F5CC90D3A48E}
	EndGlobalSection
EndGlobal
